# THIS IS AN AUTOGENERATED FILE. DO NOT EDIT THIS FILE DIRECTLY.
# yarn lockfile v1


priorityqueuejs@^1.0.0:
  version "1.0.0"
  resolved "https://registry.yarnpkg.com/priorityqueuejs/-/priorityqueuejs-1.0.0.tgz#2ee4f23c2560913e08c07ce5ccdd6de3df2c5af8"

readline-sync@^1.4.7:
  version "1.4.7"
  resolved "https://registry.yarnpkg.com/readline-sync/-/readline-sync-1.4.7.tgz#001bfdd4c06110c3c084c63bf7c6a56022213f30"
